// !$*UTF8*$!
{
	archiveVersion = 1;
	classes = {
	};
	objectVersion = 46;
	objects = {

/* Begin PBXBuildFile section */
		C83BAA231EA510D300C179B1 /* AppDelegate.swift in Sources */ = {isa = PBXBuildFile; fileRef = C83BAA221EA510D300C179B1 /* AppDelegate.swift */; };
		C83BAA251EA510D300C179B1 /* GameScene.sks in Resources */ = {isa = PBXBuildFile; fileRef = C83BAA241EA510D300C179B1 /* GameScene.sks */; };
		C83BAA271EA510D300C179B1 /* Actions.sks in Resources */ = {isa = PBXBuildFile; fileRef = C83BAA261EA510D300C179B1 /* Actions.sks */; };
		C83BAA291EA510D300C179B1 /* GameScene.swift in Sources */ = {isa = PBXBuildFile; fileRef = C83BAA281EA510D300C179B1 /* GameScene.swift */; };
		C83BAA2B1EA510D300C179B1 /* GameViewController.swift in Sources */ = {isa = PBXBuildFile; fileRef = C83BAA2A1EA510D300C179B1 /* GameViewController.swift */; };
		C83BAA2E1EA510D300C179B1 /* Main.storyboard in Resources */ = {isa = PBXBuildFile; fileRef = C83BAA2C1EA510D300C179B1 /* Main.storyboard */; };
		C83BAA301EA510D300C179B1 /* Assets.xcassets in Resources */ = {isa = PBXBuildFile; fileRef = C83BAA2F1EA510D300C179B1 /* Assets.xcassets */; };
		C83BAA331EA510D300C179B1 /* LaunchScreen.storyboard in Resources */ = {isa = PBXBuildFile; fileRef = C83BAA311EA510D300C179B1 /* LaunchScreen.storyboard */; };
		C83BAA3E1EA510D400C179B1 /* Animal_EscapeTests.swift in Sources */ = {isa = PBXBuildFile; fileRef = C83BAA3D1EA510D400C179B1 /* Animal_EscapeTests.swift */; };
		C83BAA491EA510D400C179B1 /* Animal_EscapeUITests.swift in Sources */ = {isa = PBXBuildFile; fileRef = C83BAA481EA510D400C179B1 /* Animal_EscapeUITests.swift */; };
		C83BAA571EA516FB00C179B1 /* LevelSelectScene.swift in Sources */ = {isa = PBXBuildFile; fileRef = C83BAA561EA516FB00C179B1 /* LevelSelectScene.swift */; };
		C8E380391EA7B7CE00389619 /* Level1Scene.swift in Sources */ = {isa = PBXBuildFile; fileRef = C8E380381EA7B7CE00389619 /* Level1Scene.swift */; };
		C8E3803D1EAE4DB000389619 /* Animals.swift in Sources */ = {isa = PBXBuildFile; fileRef = C8E3803C1EAE4DB000389619 /* Animals.swift */; };
/* End PBXBuildFile section */

/* Begin PBXContainerItemProxy section */
		C83BAA3A1EA510D400C179B1 /* PBXContainerItemProxy */ = {
			isa = PBXContainerItemProxy;
			containerPortal = C83BAA171EA510D300C179B1 /* Project object */;
			proxyType = 1;
			remoteGlobalIDString = C83BAA1E1EA510D300C179B1;
			remoteInfo = "Animal Escape";
		};
		C83BAA451EA510D400C179B1 /* PBXContainerItemProxy */ = {
			isa = PBXContainerItemProxy;
			containerPortal = C83BAA171EA510D300C179B1 /* Project object */;
			proxyType = 1;
			remoteGlobalIDString = C83BAA1E1EA510D300C179B1;
			remoteInfo = "Animal Escape";
		};
/* End PBXContainerItemProxy section */

/* Begin PBXFileReference section */
		C83BAA1F1EA510D300C179B1 /* Animal Escape.app */ = {isa = PBXFileReference; explicitFileType = wrapper.application; includeInIndex = 0; path = "Animal Escape.app"; sourceTree = BUILT_PRODUCTS_DIR; };
		C83BAA221EA510D300C179B1 /* AppDelegate.swift */ = {isa = PBXFileReference; lastKnownFileType = sourcecode.swift; path = AppDelegate.swift; sourceTree = "<group>"; };
		C83BAA241EA510D300C179B1 /* GameScene.sks */ = {isa = PBXFileReference; lastKnownFileType = file.sks; path = GameScene.sks; sourceTree = "<group>"; };
		C83BAA261EA510D300C179B1 /* Actions.sks */ = {isa = PBXFileReference; lastKnownFileType = file.sks; path = Actions.sks; sourceTree = "<group>"; };
		C83BAA281EA510D300C179B1 /* GameScene.swift */ = {isa = PBXFileReference; lastKnownFileType = sourcecode.swift; path = GameScene.swift; sourceTree = "<group>"; };
		C83BAA2A1EA510D300C179B1 /* GameViewController.swift */ = {isa = PBXFileReference; lastKnownFileType = sourcecode.swift; path = GameViewController.swift; sourceTree = "<group>"; };
		C83BAA2D1EA510D300C179B1 /* Base */ = {isa = PBXFileReference; lastKnownFileType = file.storyboard; name = Base; path = Base.lproj/Main.storyboard; sourceTree = "<group>"; };
		C83BAA2F1EA510D300C179B1 /* Assets.xcassets */ = {isa = PBXFileReference; lastKnownFileType = folder.assetcatalog; path = Assets.xcassets; sourceTree = "<group>"; };
		C83BAA321EA510D300C179B1 /* Base */ = {isa = PBXFileReference; lastKnownFileType = file.storyboard; name = Base; path = Base.lproj/LaunchScreen.storyboard; sourceTree = "<group>"; };
		C83BAA341EA510D300C179B1 /* Info.plist */ = {isa = PBXFileReference; lastKnownFileType = text.plist.xml; path = Info.plist; sourceTree = "<group>"; };
		C83BAA391EA510D400C179B1 /* Animal EscapeTests.xctest */ = {isa = PBXFileReference; explicitFileType = wrapper.cfbundle; includeInIndex = 0; path = "Animal EscapeTests.xctest"; sourceTree = BUILT_PRODUCTS_DIR; };
		C83BAA3D1EA510D400C179B1 /* Animal_EscapeTests.swift */ = {isa = PBXFileReference; lastKnownFileType = sourcecode.swift; path = Animal_EscapeTests.swift; sourceTree = "<group>"; };
		C83BAA3F1EA510D400C179B1 /* Info.plist */ = {isa = PBXFileReference; lastKnownFileType = text.plist.xml; path = Info.plist; sourceTree = "<group>"; };
		C83BAA441EA510D400C179B1 /* Animal EscapeUITests.xctest */ = {isa = PBXFileReference; explicitFileType = wrapper.cfbundle; includeInIndex = 0; path = "Animal EscapeUITests.xctest"; sourceTree = BUILT_PRODUCTS_DIR; };
		C83BAA481EA510D400C179B1 /* Animal_EscapeUITests.swift */ = {isa = PBXFileReference; lastKnownFileType = sourcecode.swift; path = Animal_EscapeUITests.swift; sourceTree = "<group>"; };
		C83BAA4A1EA510D400C179B1 /* Info.plist */ = {isa = PBXFileReference; lastKnownFileType = text.plist.xml; path = Info.plist; sourceTree = "<group>"; };
		C83BAA561EA516FB00C179B1 /* LevelSelectScene.swift */ = {isa = PBXFileReference; fileEncoding = 4; lastKnownFileType = sourcecode.swift; path = LevelSelectScene.swift; sourceTree = "<group>"; };
		C8E380381EA7B7CE00389619 /* Level1Scene.swift */ = {isa = PBXFileReference; fileEncoding = 4; lastKnownFileType = sourcecode.swift; path = Level1Scene.swift; sourceTree = "<group>"; };
		C8E3803C1EAE4DB000389619 /* Animals.swift */ = {isa = PBXFileReference; fileEncoding = 4; lastKnownFileType = sourcecode.swift; path = Animals.swift; sourceTree = "<group>"; };
/* End PBXFileReference section */

/* Begin PBXFrameworksBuildPhase section */
		C83BAA1C1EA510D300C179B1 /* Frameworks */ = {
			isa = PBXFrameworksBuildPhase;
			buildActionMask = 2147483647;
			files = (
			);
			runOnlyForDeploymentPostprocessing = 0;
		};
		C83BAA361EA510D400C179B1 /* Frameworks */ = {
			isa = PBXFrameworksBuildPhase;
			buildActionMask = 2147483647;
			files = (
			);
			runOnlyForDeploymentPostprocessing = 0;
		};
		C83BAA411EA510D400C179B1 /* Frameworks */ = {
			isa = PBXFrameworksBuildPhase;
			buildActionMask = 2147483647;
			files = (
			);
			runOnlyForDeploymentPostprocessing = 0;
		};
/* End PBXFrameworksBuildPhase section */

/* Begin PBXGroup section */
		C83BAA161EA510D300C179B1 = {
			isa = PBXGroup;
			children = (
				C83BAA211EA510D300C179B1 /* Animal Escape */,
				C83BAA3C1EA510D400C179B1 /* Animal EscapeTests */,
				C83BAA471EA510D400C179B1 /* Animal EscapeUITests */,
				C83BAA201EA510D300C179B1 /* Products */,
			);
			sourceTree = "<group>";
		};
		C83BAA201EA510D300C179B1 /* Products */ = {
			isa = PBXGroup;
			children = (
				C83BAA1F1EA510D300C179B1 /* Animal Escape.app */,
				C83BAA391EA510D400C179B1 /* Animal EscapeTests.xctest */,
				C83BAA441EA510D400C179B1 /* Animal EscapeUITests.xctest */,
			);
			name = Products;
			sourceTree = "<group>";
		};
		C83BAA211EA510D300C179B1 /* Animal Escape */ = {
			isa = PBXGroup;
			children = (
				C83BAA221EA510D300C179B1 /* AppDelegate.swift */,
				C83BAA241EA510D300C179B1 /* GameScene.sks */,
				C83BAA261EA510D300C179B1 /* Actions.sks */,
				C8E3803C1EAE4DB000389619 /* Animals.swift */,
				C83BAA281EA510D300C179B1 /* GameScene.swift */,
				C83BAA561EA516FB00C179B1 /* LevelSelectScene.swift */,
				C8E380381EA7B7CE00389619 /* Level1Scene.swift */,
				C83BAA2A1EA510D300C179B1 /* GameViewController.swift */,
				C83BAA2C1EA510D300C179B1 /* Main.storyboard */,
				C83BAA2F1EA510D300C179B1 /* Assets.xcassets */,
				C83BAA311EA510D300C179B1 /* LaunchScreen.storyboard */,
				C83BAA341EA510D300C179B1 /* Info.plist */,
			);
			path = "Animal Escape";
			sourceTree = "<group>";
		};
		C83BAA3C1EA510D400C179B1 /* Animal EscapeTests */ = {
			isa = PBXGroup;
			children = (
				C83BAA3D1EA510D400C179B1 /* Animal_EscapeTests.swift */,
				C83BAA3F1EA510D400C179B1 /* Info.plist */,
			);
			path = "Animal EscapeTests";
			sourceTree = "<group>";
		};
		C83BAA471EA510D400C179B1 /* Animal EscapeUITests */ = {
			isa = PBXGroup;
			children = (
				C83BAA481EA510D400C179B1 /* Animal_EscapeUITests.swift */,
				C83BAA4A1EA510D400C179B1 /* Info.plist */,
			);
			path = "Animal EscapeUITests";
			sourceTree = "<group>";
		};
/* End PBXGroup section */

/* Begin PBXNativeTarget section */
		C83BAA1E1EA510D300C179B1 /* Animal Escape */ = {
			isa = PBXNativeTarget;
			buildConfigurationList = C83BAA4D1EA510D400C179B1 /* Build configuration list for PBXNativeTarget "Animal Escape" */;
			buildPhases = (
				C83BAA1B1EA510D300C179B1 /* Sources */,
				C83BAA1C1EA510D300C179B1 /* Frameworks */,
				C83BAA1D1EA510D300C179B1 /* Resources */,
			);
			buildRules = (
			);
			dependencies = (
			);
			name = "Animal Escape";
			productName = "Animal Escape";
			productReference = C83BAA1F1EA510D300C179B1 /* Animal Escape.app */;
			productType = "com.apple.product-type.application";
		};
		C83BAA381EA510D400C179B1 /* Animal EscapeTests */ = {
			isa = PBXNativeTarget;
			buildConfigurationList = C83BAA501EA510D400C179B1 /* Build configuration list for PBXNativeTarget "Animal EscapeTests" */;
			buildPhases = (
				C83BAA351EA510D400C179B1 /* Sources */,
				C83BAA361EA510D400C179B1 /* Frameworks */,
				C83BAA371EA510D400C179B1 /* Resources */,
			);
			buildRules = (
			);
			dependencies = (
				C83BAA3B1EA510D400C179B1 /* PBXTargetDependency */,
			);
			name = "Animal EscapeTests";
			productName = "Animal EscapeTests";
			productReference = C83BAA391EA510D400C179B1 /* Animal EscapeTests.xctest */;
			productType = "com.apple.product-type.bundle.unit-test";
		};
		C83BAA431EA510D400C179B1 /* Animal EscapeUITests */ = {
			isa = PBXNativeTarget;
			buildConfigurationList = C83BAA531EA510D400C179B1 /* Build configuration list for PBXNativeTarget "Animal EscapeUITests" */;
			buildPhases = (
				C83BAA401EA510D400C179B1 /* Sources */,
				C83BAA411EA510D400C179B1 /* Frameworks */,
				C83BAA421EA510D400C179B1 /* Resources */,
			);
			buildRules = (
			);
			dependencies = (
				C83BAA461EA510D400C179B1 /* PBXTargetDependency */,
			);
			name = "Animal EscapeUITests";
			productName = "Animal EscapeUITests";
			productReference = C83BAA441EA510D400C179B1 /* Animal EscapeUITests.xctest */;
			productType = "com.apple.product-type.bundle.ui-testing";
		};
/* End PBXNativeTarget section */

/* Begin PBXProject section */
		C83BAA171EA510D300C179B1 /* Project object */ = {
			isa = PBXProject;
			attributes = {
				LastSwiftUpdateCheck = 0830;
				LastUpgradeCheck = 0830;
				ORGANIZATIONNAME = "The Cabinents";
				TargetAttributes = {
					C83BAA1E1EA510D300C179B1 = {
						CreatedOnToolsVersion = 8.3;
						DevelopmentTeam = D33JCW8ARG;
						ProvisioningStyle = Automatic;
					};
					C83BAA381EA510D400C179B1 = {
						CreatedOnToolsVersion = 8.3;
						DevelopmentTeam = D33JCW8ARG;
						ProvisioningStyle = Automatic;
						TestTargetID = C83BAA1E1EA510D300C179B1;
					};
					C83BAA431EA510D400C179B1 = {
						CreatedOnToolsVersion = 8.3;
						DevelopmentTeam = D33JCW8ARG;
						ProvisioningStyle = Automatic;
						TestTargetID = C83BAA1E1EA510D300C179B1;
					};
				};
			};
			buildConfigurationList = C83BAA1A1EA510D300C179B1 /* Build configuration list for PBXProject "Animal Escape" */;
			compatibilityVersion = "Xcode 3.2";
			developmentRegion = English;
			hasScannedForEncodings = 0;
			knownRegions = (
				en,
				Base,
			);
			mainGroup = C83BAA161EA510D300C179B1;
			productRefGroup = C83BAA201EA510D300C179B1 /* Products */;
			projectDirPath = "";
			projectRoot = "";
			targets = (
				C83BAA1E1EA510D300C179B1 /* Animal Escape */,
				C83BAA381EA510D400C179B1 /* Animal EscapeTests */,
				C83BAA431EA510D400C179B1 /* Animal EscapeUITests */,
			);
		};
/* End PBXProject section */

/* Begin PBXResourcesBuildPhase section */
		C83BAA1D1EA510D300C179B1 /* Resources */ = {
			isa = PBXResourcesBuildPhase;
			buildActionMask = 2147483647;
			files = (
				C83BAA2E1EA510D300C179B1 /* Main.storyboard in Resources */,
				C83BAA251EA510D300C179B1 /* GameScene.sks in Resources */,
				C83BAA301EA510D300C179B1 /* Assets.xcassets in Resources */,
				C83BAA331EA510D300C179B1 /* LaunchScreen.storyboard in Resources */,
				C83BAA271EA510D300C179B1 /* Actions.sks in Resources */,
			);
			runOnlyForDeploymentPostprocessing = 0;
		};
		C83BAA371EA510D400C179B1 /* Resources */ = {
			isa = PBXResourcesBuildPhase;
			buildActionMask = 2147483647;
			files = (
			);
			runOnlyForDeploymentPostprocessing = 0;
		};
		C83BAA421EA510D400C179B1 /* Resources */ = {
			isa = PBXResourcesBuildPhase;
			buildActionMask = 2147483647;
			files = (
			);
			runOnlyForDeploymentPostprocessing = 0;
		};
/* End PBXResourcesBuildPhase section */

/* Begin PBXSourcesBuildPhase section */
		C83BAA1B1EA510D300C179B1 /* Sources */ = {
			isa = PBXSourcesBuildPhase;
			buildActionMask = 2147483647;
			files = (
				C83BAA291EA510D300C179B1 /* GameScene.swift in Sources */,
				C8E3803D1EAE4DB000389619 /* Animals.swift in Sources */,
				C83BAA2B1EA510D300C179B1 /* GameViewController.swift in Sources */,
				C83BAA231EA510D300C179B1 /* AppDelegate.swift in Sources */,
				C8E380391EA7B7CE00389619 /* Level1Scene.swift in Sources */,
				C83BAA571EA516FB00C179B1 /* LevelSelectScene.swift in Sources */,
			);
			runOnlyForDeploymentPostprocessing = 0;
		};
		C83BAA351EA510D400C179B1 /* Sources */ = {
			isa = PBXSourcesBuildPhase;
			buildActionMask = 2147483647;
			files = (
				C83BAA3E1EA510D400C179B1 /* Animal_EscapeTests.swift in Sources */,
			);
			runOnlyForDeploymentPostprocessing = 0;
		};
		C83BAA401EA510D400C179B1 /* Sources */ = {
			isa = PBXSourcesBuildPhase;
			buildActionMask = 2147483647;
			files = (
				C83BAA491EA510D400C179B1 /* Animal_EscapeUITests.swift in Sources */,
			);
			runOnlyForDeploymentPostprocessing = 0;
		};
/* End PBXSourcesBuildPhase section */

/* Begin PBXTargetDependency section */
		C83BAA3B1EA510D400C179B1 /* PBXTargetDependency */ = {
			isa = PBXTargetDependency;
			target = C83BAA1E1EA510D300C179B1 /* Animal Escape */;
			targetProxy = C83BAA3A1EA510D400C179B1 /* PBXContainerItemProxy */;
		};
		C83BAA461EA510D400C179B1 /* PBXTargetDependency */ = {
			isa = PBXTargetDependency;
			target = C83BAA1E1EA510D300C179B1 /* Animal Escape */;
			targetProxy = C83BAA451EA510D400C179B1 /* PBXContainerItemProxy */;
		};
/* End PBXTargetDependency section */

/* Begin PBXVariantGroup section */
		C83BAA2C1EA510D300C179B1 /* Main.storyboard */ = {
			isa = PBXVariantGroup;
			children = (
				C83BAA2D1EA510D300C179B1 /* Base */,
			);
			name = Main.storyboard;
			sourceTree = "<group>";
		};
		C83BAA311EA510D300C179B1 /* LaunchScreen.storyboard */ = {
			isa = PBXVariantGroup;
			children = (
				C83BAA321EA510D300C179B1 /* Base */,
			);
			name = LaunchScreen.storyboard;
			sourceTree = "<group>";
		};
/* End PBXVariantGroup section */

/* Begin XCBuildConfiguration section */
		C83BAA4B1EA510D400C179B1 /* Debug */ = {
			isa = XCBuildConfiguration;
			buildSettings = {
				ALWAYS_SEARCH_USER_PATHS = NO;
				CLANG_ANALYZER_NONNULL = YES;
				CLANG_ANALYZER_NUMBER_OBJECT_CONVERSION = YES_AGGRESSIVE;
				CLANG_CXX_LANGUAGE_STANDARD = "gnu++0x";
				CLANG_CXX_LIBRARY = "libc++";
				CLANG_ENABLE_MODULES = YES;
				CLANG_ENABLE_OBJC_ARC = YES;
				CLANG_WARN_BOOL_CONVERSION = YES;
				CLANG_WARN_CONSTANT_CONVERSION = YES;
				CLANG_WARN_DIRECT_OBJC_ISA_USAGE = YES_ERROR;
				CLANG_WARN_DOCUMENTATION_COMMENTS = YES;
				CLANG_WARN_EMPTY_BODY = YES;
				CLANG_WARN_ENUM_CONVERSION = YES;
				CLANG_WARN_INFINITE_RECURSION = YES;
				CLANG_WARN_INT_CONVERSION = YES;
				CLANG_WARN_OBJC_ROOT_CLASS = YES_ERROR;
				CLANG_WARN_SUSPICIOUS_MOVE = YES;
				CLANG_WARN_UNREACHABLE_CODE = YES;
				CLANG_WARN__DUPLICATE_METHOD_MATCH = YES;
				"CODE_SIGN_IDENTITY[sdk=iphoneos*]" = "iPhone Developer";
				COPY_PHASE_STRIP = NO;
				DEBUG_INFORMATION_FORMAT = dwarf;
				ENABLE_STRICT_OBJC_MSGSEND = YES;
				ENABLE_TESTABILITY = YES;
				GCC_C_LANGUAGE_STANDARD = gnu99;
				GCC_DYNAMIC_NO_PIC = NO;
				GCC_NO_COMMON_BLOCKS = YES;
				GCC_OPTIMIZATION_LEVEL = 0;
				GCC_PREPROCESSOR_DEFINITIONS = (
					"DEBUG=1",
					"$(inherited)",
				);
				GCC_WARN_64_TO_32_BIT_CONVERSION = YES;
				GCC_WARN_ABOUT_RETURN_TYPE = YES_ERROR;
				GCC_WARN_UNDECLARED_SELECTOR = YES;
				GCC_WARN_UNINITIALIZED_AUTOS = YES_AGGRESSIVE;
				GCC_WARN_UNUSED_FUNCTION = YES;
				GCC_WARN_UNUSED_VARIABLE = YES;
				IPHONEOS_DEPLOYMENT_TARGET = 10.3;
				MTL_ENABLE_DEBUG_INFO = YES;
				ONLY_ACTIVE_ARCH = YES;
				SDKROOT = iphoneos;
				SWIFT_ACTIVE_COMPILATION_CONDITIONS = DEBUG;
				SWIFT_OPTIMIZATION_LEVEL = "-Onone";
			};
			name = Debug;
		};
		C83BAA4C1EA510D400C179B1 /* Release */ = {
			isa = XCBuildConfiguration;
			buildSettings = {
				ALWAYS_SEARCH_USER_PATHS = NO;
				CLANG_ANALYZER_NONNULL = YES;
				CLANG_ANALYZER_NUMBER_OBJECT_CONVERSION = YES_AGGRESSIVE;
				CLANG_CXX_LANGUAGE_STANDARD = "gnu++0x";
				CLANG_CXX_LIBRARY = "libc++";
				CLANG_ENABLE_MODULES = YES;
				CLANG_ENABLE_OBJC_ARC = YES;
				CLANG_WARN_BOOL_CONVERSION = YES;
				CLANG_WARN_CONSTANT_CONVERSION = YES;
				CLANG_WARN_DIRECT_OBJC_ISA_USAGE = YES_ERROR;
				CLANG_WARN_DOCUMENTATION_COMMENTS = YES;
				CLANG_WARN_EMPTY_BODY = YES;
				CLANG_WARN_ENUM_CONVERSION = YES;
				CLANG_WARN_INFINITE_RECURSION = YES;
				CLANG_WARN_INT_CONVERSION = YES;
				CLANG_WARN_OBJC_ROOT_CLASS = YES_ERROR;
				CLANG_WARN_SUSPICIOUS_MOVE = YES;
				CLANG_WARN_UNREACHABLE_CODE = YES;
				CLANG_WARN__DUPLICATE_METHOD_MATCH = YES;
				"CODE_SIGN_IDENTITY[sdk=iphoneos*]" = "iPhone Developer";
				COPY_PHASE_STRIP = NO;
				DEBUG_INFORMATION_FORMAT = "dwarf-with-dsym";
				ENABLE_NS_ASSERTIONS = NO;
				ENABLE_STRICT_OBJC_MSGSEND = YES;
				GCC_C_LANGUAGE_STANDARD = gnu99;
				GCC_NO_COMMON_BLOCKS = YES;
				GCC_WARN_64_TO_32_BIT_CONVERSION = YES;
				GCC_WARN_ABOUT_RETURN_TYPE = YES_ERROR;
				GCC_WARN_UNDECLARED_SELECTOR = YES;
				GCC_WARN_UNINITIALIZED_AUTOS = YES_AGGRESSIVE;
				GCC_WARN_UNUSED_FUNCTION = YES;
				GCC_WARN_UNUSED_VARIABLE = YES;
				IPHONEOS_DEPLOYMENT_TARGET = 10.3;
				MTL_ENABLE_DEBUG_INFO = NO;
				SDKROOT = iphoneos;
				SWIFT_OPTIMIZATION_LEVEL = "-Owholemodule";
				VALIDATE_PRODUCT = YES;
			};
			name = Release;
		};
		C83BAA4E1EA510D400C179B1 /* Debug */ = {
			isa = XCBuildConfiguration;
			buildSettings = {
				ASSETCATALOG_COMPILER_APPICON_NAME = AppIcon;
				DEVELOPMENT_TEAM = D33JCW8ARG;
				INFOPLIST_FILE = "Animal Escape/Info.plist";
				LD_RUNPATH_SEARCH_PATHS = "$(inherited) @executable_path/Frameworks";
				PRODUCT_BUNDLE_IDENTIFIER = "Andrew.Animal-Escape";
				PRODUCT_NAME = "$(TARGET_NAME)";
				SWIFT_VERSION = 3.0;
			};
			name = Debug;
		};
		C83BAA4F1EA510D400C179B1 /* Release */ = {
			isa = XCBuildConfiguration;
			buildSettings = {
				ASSETCATALOG_COMPILER_APPICON_NAME = AppIcon;
				DEVELOPMENT_TEAM = D33JCW8ARG;
				INFOPLIST_FILE = "Animal Escape/Info.plist";
				LD_RUNPATH_SEARCH_PATHS = "$(inherited) @executable_path/Frameworks";
				PRODUCT_BUNDLE_IDENTIFIER = "Andrew.Animal-Escape";
				PRODUCT_NAME = "$(TARGET_NAME)";
				SWIFT_VERSION = 3.0;
			};
			name = Release;
		};
		C83BAA511EA510D400C179B1 /* Debug */ = {
			isa = XCBuildConfiguration;
			buildSettings = {
				ALWAYS_EMBED_SWIFT_STANDARD_LIBRARIES = YES;
				BUNDLE_LOADER = "$(TEST_HOST)";
				DEVELOPMENT_TEAM = D33JCW8ARG;
				INFOPLIST_FILE = "Animal EscapeTests/Info.plist";
				LD_RUNPATH_SEARCH_PATHS = "$(inherited) @executable_path/Frameworks @loader_path/Frameworks";
				PRODUCT_BUNDLE_IDENTIFIER = "Andrew.Animal-EscapeTests";
				PRODUCT_NAME = "$(TARGET_NAME)";
				SWIFT_VERSION = 3.0;
				TEST_HOST = "$(BUILT_PRODUCTS_DIR)/Animal Escape.app/Animal Escape";
			};
			name = Debug;
		};
		C83BAA521EA510D400C179B1 /* Release */ = {
			isa = XCBuildConfiguration;
			buildSettings = {
				ALWAYS_EMBED_SWIFT_STANDARD_LIBRARIES = YES;
				BUNDLE_LOADER = "$(TEST_HOST)";
				DEVELOPMENT_TEAM = D33JCW8ARG;
				INFOPLIST_FILE = "Animal EscapeTests/Info.plist";
				LD_RUNPATH_SEARCH_PATHS = "$(inherited) @executable_path/Frameworks @loader_path/Frameworks";
				PRODUCT_BUNDLE_IDENTIFIER = "Andrew.Animal-EscapeTests";
				PRODUCT_NAME = "$(TARGET_NAME)";
				SWIFT_VERSION = 3.0;
				TEST_HOST = "$(BUILT_PRODUCTS_DIR)/Animal Escape.app/Animal Escape";
			};
			name = Release;
		};
		C83BAA541EA510D400C179B1 /* Debug */ = {
			isa = XCBuildConfiguration;
			buildSettings = {
				ALWAYS_EMBED_SWIFT_STANDARD_LIBRARIES = YES;
				DEVELOPMENT_TEAM = D33JCW8ARG;
				INFOPLIST_FILE = "Animal EscapeUITests/Info.plist";
				LD_RUNPATH_SEARCH_PATHS = "$(inherited) @executable_path/Frameworks @loader_path/Frameworks";
				PRODUCT_BUNDLE_IDENTIFIER = "Andrew.Animal-EscapeUITests";
				PRODUCT_NAME = "$(TARGET_NAME)";
				SWIFT_VERSION = 3.0;
				TEST_TARGET_NAME = "Animal Escape";
			};
			name = Debug;
		};
		C83BAA551EA510D400C179B1 /* Release */ = {
			isa = XCBuildConfiguration;
			buildSettings = {
				ALWAYS_EMBED_SWIFT_STANDARD_LIBRARIES = YES;
				DEVELOPMENT_TEAM = D33JCW8ARG;
				INFOPLIST_FILE = "Animal EscapeUITests/Info.plist";
				LD_RUNPATH_SEARCH_PATHS = "$(inherited) @executable_path/Frameworks @loader_path/Frameworks";
				PRODUCT_BUNDLE_IDENTIFIER = "Andrew.Animal-EscapeUITests";
				PRODUCT_NAME = "$(TARGET_NAME)";
				SWIFT_VERSION = 3.0;
				TEST_TARGET_NAME = "Animal Escape";
			};
			name = Release;
		};
/* End XCBuildConfiguration section */

/* Begin XCConfigurationList section */
		C83BAA1A1EA510D300C179B1 /* Build configuration list for PBXProject "Animal Escape" */ = {
			isa = XCConfigurationList;
			buildConfigurations = (
				C83BAA4B1EA510D400C179B1 /* Debug */,
				C83BAA4C1EA510D400C179B1 /* Release */,
			);
			defaultConfigurationIsVisible = 0;
			defaultConfigurationName = Release;
		};
		C83BAA4D1EA510D400C179B1 /* Build configuration list for PBXNativeTarget "Animal Escape" */ = {
			isa = XCConfigurationList;
			buildConfigurations = (
				C83BAA4E1EA510D400C179B1 /* Debug */,
				C83BAA4F1EA510D400C179B1 /* Release */,
			);
			defaultConfigurationIsVisible = 0;
			defaultConfigurationName = Release;
		};
		C83BAA501EA510D400C179B1 /* Build configuration list for PBXNativeTarget "Animal EscapeTests" */ = {
			isa = XCConfigurationList;
			buildConfigurations = (
				C83BAA511EA510D400C179B1 /* Debug */,
				C83BAA521EA510D400C179B1 /* Release */,
			);
			defaultConfigurationIsVisible = 0;
			defaultConfigurationName = Release;
		};
		C83BAA531EA510D400C179B1 /* Build configuration list for PBXNativeTarget "Animal EscapeUITests" */ = {
			isa = XCConfigurationList;
			buildConfigurations = (
				C83BAA541EA510D400C179B1 /* Debug */,
				C83BAA551EA510D400C179B1 /* Release */,
			);
			defaultConfigurationIsVisible = 0;
			defaultConfigurationName = Release;
		};
/* End XCConfigurationList section */
	};
	rootObject = C83BAA171EA510D300C179B1 /* Project object */;
}
